// !$*UTF8*$!
{
	archiveVersion = 1;
	classes = {
	};
	objectVersion = 56;
	objects = {

/* Begin PBXBuildFile section */
		902DF3982B24697C006B0B66 /* ChatPrototypeApp.swift in Sources */ = {isa = PBXBuildFile; fileRef = 902DF3972B24697C006B0B66 /* ChatPrototypeApp.swift */; };
		902DF39A2B24697C006B0B66 /* ContentView.swift in Sources */ = {isa = PBXBuildFile; fileRef = 902DF3992B24697C006B0B66 /* ContentView.swift */; };
		902DF39C2B24697E006B0B66 /* Assets.xcassets in Resources */ = {isa = PBXBuildFile; fileRef = 902DF39B2B24697E006B0B66 /* Assets.xcassets */; };
		902DF39F2B24697E006B0B66 /* Preview Assets.xcassets in Resources */ = {isa = PBXBuildFile; fileRef = 902DF39E2B24697E006B0B66 /* Preview Assets.xcassets */; };
		902DF3A92B24697E006B0B66 /* ChatPrototypeTests.swift in Sources */ = {isa = PBXBuildFile; fileRef = 902DF3A82B24697E006B0B66 /* ChatPrototypeTests.swift */; };
		902DF3B32B24697F006B0B66 /* ChatPrototypeUITests.swift in Sources */ = {isa = PBXBuildFile; fileRef = 902DF3B22B24697F006B0B66 /* ChatPrototypeUITests.swift */; };
		902DF3B52B24697F006B0B66 /* ChatPrototypeUITestsLaunchTests.swift in Sources */ = {isa = PBXBuildFile; fileRef = 902DF3B42B24697F006B0B66 /* ChatPrototypeUITestsLaunchTests.swift */; };
/* End PBXBuildFile section */

/* Begin PBXContainerItemProxy section */
		902DF3A52B24697E006B0B66 /* PBXContainerItemProxy */ = {
			isa = PBXContainerItemProxy;
			containerPortal = 902DF38C2B24697C006B0B66 /* Project object */;
			proxyType = 1;
			remoteGlobalIDString = 902DF3932B24697C006B0B66;
			remoteInfo = ChatPrototype;
		};
		902DF3AF2B24697F006B0B66 /* PBXContainerItemProxy */ = {
			isa = PBXContainerItemProxy;
			containerPortal = 902DF38C2B24697C006B0B66 /* Project object */;
			proxyType = 1;
			remoteGlobalIDString = 902DF3932B24697C006B0B66;
			remoteInfo = ChatPrototype;
		};
/* End PBXContainerItemProxy section */

/* Begin PBXFileReference section */
		902DF3942B24697C006B0B66 /* ChatPrototype.app */ = {isa = PBXFileReference; explicitFileType = wrapper.application; includeInIndex = 0; path = ChatPrototype.app; sourceTree = BUILT_PRODUCTS_DIR; };
		902DF3972B24697C006B0B66 /* ChatPrototypeApp.swift */ = {isa = PBXFileReference; lastKnownFileType = sourcecode.swift; path = ChatPrototypeApp.swift; sourceTree = "<group>"; };
		902DF3992B24697C006B0B66 /* ContentView.swift */ = {isa = PBXFileReference; lastKnownFileType = sourcecode.swift; path = ContentView.swift; sourceTree = "<group>"; };
		902DF39B2B24697E006B0B66 /* Assets.xcassets */ = {isa = PBXFileReference; lastKnownFileType = folder.assetcatalog; path = Assets.xcassets; sourceTree = "<group>"; };
		902DF39E2B24697E006B0B66 /* Preview Assets.xcassets */ = {isa = PBXFileReference; lastKnownFileType = folder.assetcatalog; path = "Preview Assets.xcassets"; sourceTree = "<group>"; };
		902DF3A42B24697E006B0B66 /* ChatPrototypeTests.xctest */ = {isa = PBXFileReference; explicitFileType = wrapper.cfbundle; includeInIndex = 0; path = ChatPrototypeTests.xctest; sourceTree = BUILT_PRODUCTS_DIR; };
		902DF3A82B24697E006B0B66 /* ChatPrototypeTests.swift */ = {isa = PBXFileReference; lastKnownFileType = sourcecode.swift; path = ChatPrototypeTests.swift; sourceTree = "<group>"; };
		902DF3AE2B24697F006B0B66 /* ChatPrototypeUITests.xctest */ = {isa = PBXFileReference; explicitFileType = wrapper.cfbundle; includeInIndex = 0; path = ChatPrototypeUITests.xctest; sourceTree = BUILT_PRODUCTS_DIR; };
		902DF3B22B24697F006B0B66 /* ChatPrototypeUITests.swift */ = {isa = PBXFileReference; lastKnownFileType = sourcecode.swift; path = ChatPrototypeUITests.swift; sourceTree = "<group>"; };
		902DF3B42B24697F006B0B66 /* ChatPrototypeUITestsLaunchTests.swift */ = {isa = PBXFileReference; lastKnownFileType = sourcecode.swift; path = ChatPrototypeUITestsLaunchTests.swift; sourceTree = "<group>"; };
/* End PBXFileReference section */

/* Begin PBXFrameworksBuildPhase section */
		902DF3912B24697C006B0B66 /* Frameworks */ = {
			isa = PBXFrameworksBuildPhase;
			buildActionMask = 2147483647;
			files = (
			);
			runOnlyForDeploymentPostprocessing = 0;
		};
		902DF3A12B24697E006B0B66 /* Frameworks */ = {
			isa = PBXFrameworksBuildPhase;
			buildActionMask = 2147483647;
			files = (
			);
			runOnlyForDeploymentPostprocessing = 0;
		};
		902DF3AB2B24697F006B0B66 /* Frameworks */ = {
			isa = PBXFrameworksBuildPhase;
			buildActionMask = 2147483647;
			files = (
			);
			runOnlyForDeploymentPostprocessing = 0;
		};
/* End PBXFrameworksBuildPhase section */

/* Begin PBXGroup section */
		902DF38B2B24697C006B0B66 = {
			isa = PBXGroup;
			children = (
				902DF3962B24697C006B0B66 /* ChatPrototype */,
				902DF3A72B24697E006B0B66 /* ChatPrototypeTests */,
				902DF3B12B24697F006B0B66 /* ChatPrototypeUITests */,
				902DF3952B24697C006B0B66 /* Products */,
			);
			sourceTree = "<group>";
		};
		902DF3952B24697C006B0B66 /* Products */ = {
			isa = PBXGroup;
			children = (
				902DF3942B24697C006B0B66 /* ChatPrototype.app */,
				902DF3A42B24697E006B0B66 /* ChatPrototypeTests.xctest */,
				902DF3AE2B24697F006B0B66 /* ChatPrototypeUITests.xctest */,
			);
			name = Products;
			sourceTree = "<group>";
		};
		902DF3962B24697C006B0B66 /* ChatPrototype */ = {
			isa = PBXGroup;
			children = (
				902DF3972B24697C006B0B66 /* ChatPrototypeApp.swift */,
				902DF3992B24697C006B0B66 /* ContentView.swift */,
				902DF39B2B24697E006B0B66 /* Assets.xcassets */,
				902DF39D2B24697E006B0B66 /* Preview Content */,
			);
			path = ChatPrototype;
			sourceTree = "<group>";
		};
		902DF39D2B24697E006B0B66 /* Preview Content */ = {
			isa = PBXGroup;
			children = (
				902DF39E2B24697E006B0B66 /* Preview Assets.xcassets */,
			);
			path = "Preview Content";
			sourceTree = "<group>";
		};
		902DF3A72B24697E006B0B66 /* ChatPrototypeTests */ = {
			isa = PBXGroup;
			children = (
				902DF3A82B24697E006B0B66 /* ChatPrototypeTests.swift */,
			);
			path = ChatPrototypeTests;
			sourceTree = "<group>";
		};
		902DF3B12B24697F006B0B66 /* ChatPrototypeUITests */ = {
			isa = PBXGroup;
			children = (
				902DF3B22B24697F006B0B66 /* ChatPrototypeUITests.swift */,
				902DF3B42B24697F006B0B66 /* ChatPrototypeUITestsLaunchTests.swift */,
			);
			path = ChatPrototypeUITests;
			sourceTree = "<group>";
		};
/* End PBXGroup section */

/* Begin PBXNativeTarget section */
		902DF3932B24697C006B0B66 /* ChatPrototype */ = {
			isa = PBXNativeTarget;
			buildConfigurationList = 902DF3B82B24697F006B0B66 /* Build configuration list for PBXNativeTarget "ChatPrototype" */;
			buildPhases = (
				902DF3902B24697C006B0B66 /* Sources */,
				902DF3912B24697C006B0B66 /* Frameworks */,
				902DF3922B24697C006B0B66 /* Resources */,
			);
			buildRules = (
			);
			dependencies = (
			);
			name = ChatPrototype;
			productName = ChatPrototype;
			productReference = 902DF3942B24697C006B0B66 /* ChatPrototype.app */;
			productType = "com.apple.product-type.application";
		};
		902DF3A32B24697E006B0B66 /* ChatPrototypeTests */ = {
			isa = PBXNativeTarget;
			buildConfigurationList = 902DF3BB2B24697F006B0B66 /* Build configuration list for PBXNativeTarget "ChatPrototypeTests" */;
			buildPhases = (
				902DF3A02B24697E006B0B66 /* Sources */,
				902DF3A12B24697E006B0B66 /* Frameworks */,
				902DF3A22B24697E006B0B66 /* Resources */,
			);
			buildRules = (
			);
			dependencies = (
				902DF3A62B24697E006B0B66 /* PBXTargetDependency */,
			);
			name = ChatPrototypeTests;
			productName = ChatPrototypeTests;
			productReference = 902DF3A42B24697E006B0B66 /* ChatPrototypeTests.xctest */;
			productType = "com.apple.product-type.bundle.unit-test";
		};
		902DF3AD2B24697F006B0B66 /* ChatPrototypeUITests */ = {
			isa = PBXNativeTarget;
			buildConfigurationList = 902DF3BE2B24697F006B0B66 /* Build configuration list for PBXNativeTarget "ChatPrototypeUITests" */;
			buildPhases = (
				902DF3AA2B24697F006B0B66 /* Sources */,
				902DF3AB2B24697F006B0B66 /* Frameworks */,
				902DF3AC2B24697F006B0B66 /* Resources */,
			);
			buildRules = (
			);
			dependencies = (
				902DF3B02B24697F006B0B66 /* PBXTargetDependency */,
			);
			name = ChatPrototypeUITests;
			productName = ChatPrototypeUITests;
			productReference = 902DF3AE2B24697F006B0B66 /* ChatPrototypeUITests.xctest */;
			productType = "com.apple.product-type.bundle.ui-testing";
		};
/* End PBXNativeTarget section */

/* Begin PBXProject section */
		902DF38C2B24697C006B0B66 /* Project object */ = {
			isa = PBXProject;
			attributes = {
				BuildIndependentTargetsInParallel = 1;
				LastSwiftUpdateCheck = 1430;
				LastUpgradeCheck = 1430;
				TargetAttributes = {
					902DF3932B24697C006B0B66 = {
						CreatedOnToolsVersion = 14.3.1;
					};
					902DF3A32B24697E006B0B66 = {
						CreatedOnToolsVersion = 14.3.1;
						TestTargetID = 902DF3932B24697C006B0B66;
					};
					902DF3AD2B24697F006B0B66 = {
						CreatedOnToolsVersion = 14.3.1;
						TestTargetID = 902DF3932B24697C006B0B66;
					};
				};
			};
			buildConfigurationList = 902DF38F2B24697C006B0B66 /* Build configuration list for PBXProject "ChatPrototype" */;
			compatibilityVersion = "Xcode 14.0";
			developmentRegion = en;
			hasScannedForEncodings = 0;
			knownRegions = (
				en,
				Base,
			);
			mainGroup = 902DF38B2B24697C006B0B66;
			productRefGroup = 902DF3952B24697C006B0B66 /* Products */;
			projectDirPath = "";
			projectRoot = "";
			targets = (
				902DF3932B24697C006B0B66 /* ChatPrototype */,
				902DF3A32B24697E006B0B66 /* ChatPrototypeTests */,
				902DF3AD2B24697F006B0B66 /* ChatPrototypeUITests */,
			);
		};
/* End PBXProject section */

/* Begin PBXResourcesBuildPhase section */
		902DF3922B24697C006B0B66 /* Resources */ = {
			isa = PBXResourcesBuildPhase;
			buildActionMask = 2147483647;
			files = (
				902DF39F2B24697E006B0B66 /* Preview Assets.xcassets in Resources */,
				902DF39C2B24697E006B0B66 /* Assets.xcassets in Resources */,
			);
			runOnlyForDeploymentPostprocessing = 0;
		};
		902DF3A22B24697E006B0B66 /* Resources */ = {
			isa = PBXResourcesBuildPhase;
			buildActionMask = 2147483647;
			files = (
			);
			runOnlyForDeploymentPostprocessing = 0;
		};
		902DF3AC2B24697F006B0B66 /* Resources */ = {
			isa = PBXResourcesBuildPhase;
			buildActionMask = 2147483647;
			files = (
			);
			runOnlyForDeploymentPostprocessing = 0;
		};
/* End PBXResourcesBuildPhase section */

/* Begin PBXSourcesBuildPhase section */
		902DF3902B24697C006B0B66 /* Sources */ = {
			isa = PBXSourcesBuildPhase;
			buildActionMask = 2147483647;
			files = (
				902DF39A2B24697C006B0B66 /* ContentView.swift in Sources */,
				902DF3982B24697C006B0B66 /* ChatPrototypeApp.swift in Sources */,
			);
			runOnlyForDeploymentPostprocessing = 0;
		};
		902DF3A02B24697E006B0B66 /* Sources */ = {
			isa = PBXSourcesBuildPhase;
			buildActionMask = 2147483647;
			files = (
				902DF3A92B24697E006B0B66 /* ChatPrototypeTests.swift in Sources */,
			);
			runOnlyForDeploymentPostprocessing = 0;
		};
		902DF3AA2B24697F006B0B66 /* Sources */ = {
			isa = PBXSourcesBuildPhase;
			buildActionMask = 2147483647;
			files = (
				902DF3B32B24697F006B0B66 /* ChatPrototypeUITests.swift in Sources */,
				902DF3B52B24697F006B0B66 /* ChatPrototypeUITestsLaunchTests.swift in Sources */,
			);
			runOnlyForDeploymentPostprocessing = 0;
		};
/* End PBXSourcesBuildPhase section */

/* Begin PBXTargetDependency section */
		902DF3A62B24697E006B0B66 /* PBXTargetDependency */ = {
			isa = PBXTargetDependency;
			target = 902DF3932B24697C006B0B66 /* ChatPrototype */;
			targetProxy = 902DF3A52B24697E006B0B66 /* PBXContainerItemProxy */;
		};
		902DF3B02B24697F006B0B66 /* PBXTargetDependency */ = {
			isa = PBXTargetDependency;
			target = 902DF3932B24697C006B0B66 /* ChatPrototype */;
			targetProxy = 902DF3AF2B24697F006B0B66 /* PBXContainerItemProxy */;
		};
/* End PBXTargetDependency section */

/* Begin XCBuildConfiguration section */
		902DF3B62B24697F006B0B66 /* Debug */ = {
			isa = XCBuildConfiguration;
			buildSettings = {
				ALWAYS_SEARCH_USER_PATHS = NO;
				CLANG_ANALYZER_NONNULL = YES;
				CLANG_ANALYZER_NUMBER_OBJECT_CONVERSION = YES_AGGRESSIVE;
				CLANG_CXX_LANGUAGE_STANDARD = "gnu++20";
				CLANG_ENABLE_MODULES = YES;
				CLANG_ENABLE_OBJC_ARC = YES;
				CLANG_ENABLE_OBJC_WEAK = YES;
				CLANG_WARN_BLOCK_CAPTURE_AUTORELEASING = YES;
				CLANG_WARN_BOOL_CONVERSION = YES;
				CLANG_WARN_COMMA = YES;
				CLANG_WARN_CONSTANT_CONVERSION = YES;
				CLANG_WARN_DEPRECATED_OBJC_IMPLEMENTATIONS = YES;
				CLANG_WARN_DIRECT_OBJC_ISA_USAGE = YES_ERROR;
				CLANG_WARN_DOCUMENTATION_COMMENTS = YES;
				CLANG_WARN_EMPTY_BODY = YES;
				CLANG_WARN_ENUM_CONVERSION = YES;
				CLANG_WARN_INFINITE_RECURSION = YES;
				CLANG_WARN_INT_CONVERSION = YES;
				CLANG_WARN_NON_LITERAL_NULL_CONVERSION = YES;
				CLANG_WARN_OBJC_IMPLICIT_RETAIN_SELF = YES;
				CLANG_WARN_OBJC_LITERAL_CONVERSION = YES;
				CLANG_WARN_OBJC_ROOT_CLASS = YES_ERROR;
				CLANG_WARN_QUOTED_INCLUDE_IN_FRAMEWORK_HEADER = YES;
				CLANG_WARN_RANGE_LOOP_ANALYSIS = YES;
				CLANG_WARN_STRICT_PROTOTYPES = YES;
				CLANG_WARN_SUSPICIOUS_MOVE = YES;
				CLANG_WARN_UNGUARDED_AVAILABILITY = YES_AGGRESSIVE;
				CLANG_WARN_UNREACHABLE_CODE = YES;
				CLANG_WARN__DUPLICATE_METHOD_MATCH = YES;
				COPY_PHASE_STRIP = NO;
				DEBUG_INFORMATION_FORMAT = dwarf;
				ENABLE_STRICT_OBJC_MSGSEND = YES;
				ENABLE_TESTABILITY = YES;
				GCC_C_LANGUAGE_STANDARD = gnu11;
				GCC_DYNAMIC_NO_PIC = NO;
				GCC_NO_COMMON_BLOCKS = YES;
				GCC_OPTIMIZATION_LEVEL = 0;
				GCC_PREPROCESSOR_DEFINITIONS = (
					"DEBUG=1",
					"$(inherited)",
				);
				GCC_WARN_64_TO_32_BIT_CONVERSION = YES;
				GCC_WARN_ABOUT_RETURN_TYPE = YES_ERROR;
				GCC_WARN_UNDECLARED_SELECTOR = YES;
				GCC_WARN_UNINITIALIZED_AUTOS = YES_AGGRESSIVE;
				GCC_WARN_UNUSED_FUNCTION = YES;
				GCC_WARN_UNUSED_VARIABLE = YES;
				IPHONEOS_DEPLOYMENT_TARGET = 16.4;
				MTL_ENABLE_DEBUG_INFO = INCLUDE_SOURCE;
				MTL_FAST_MATH = YES;
				ONLY_ACTIVE_ARCH = YES;
				SDKROOT = iphoneos;
				SWIFT_ACTIVE_COMPILATION_CONDITIONS = DEBUG;
				SWIFT_OPTIMIZATION_LEVEL = "-Onone";
			};
			name = Debug;
		};
		902DF3B72B24697F006B0B66 /* Release */ = {
			isa = XCBuildConfiguration;
			buildSettings = {
				ALWAYS_SEARCH_USER_PATHS = NO;
				CLANG_ANALYZER_NONNULL = YES;
				CLANG_ANALYZER_NUMBER_OBJECT_CONVERSION = YES_AGGRESSIVE;
				CLANG_CXX_LANGUAGE_STANDARD = "gnu++20";
				CLANG_ENABLE_MODULES = YES;
				CLANG_ENABLE_OBJC_ARC = YES;
				CLANG_ENABLE_OBJC_WEAK = YES;
				CLANG_WARN_BLOCK_CAPTURE_AUTORELEASING = YES;
				CLANG_WARN_BOOL_CONVERSION = YES;
				CLANG_WARN_COMMA = YES;
				CLANG_WARN_CONSTANT_CONVERSION = YES;
				CLANG_WARN_DEPRECATED_OBJC_IMPLEMENTATIONS = YES;
				CLANG_WARN_DIRECT_OBJC_ISA_USAGE = YES_ERROR;
				CLANG_WARN_DOCUMENTATION_COMMENTS = YES;
				CLANG_WARN_EMPTY_BODY = YES;
				CLANG_WARN_ENUM_CONVERSION = YES;
				CLANG_WARN_INFINITE_RECURSION = YES;
				CLANG_WARN_INT_CONVERSION = YES;
				CLANG_WARN_NON_LITERAL_NULL_CONVERSION = YES;
				CLANG_WARN_OBJC_IMPLICIT_RETAIN_SELF = YES;
				CLANG_WARN_OBJC_LITERAL_CONVERSION = YES;
				CLANG_WARN_OBJC_ROOT_CLASS = YES_ERROR;
				CLANG_WARN_QUOTED_INCLUDE_IN_FRAMEWORK_HEADER = YES;
				CLANG_WARN_RANGE_LOOP_ANALYSIS = YES;
				CLANG_WARN_STRICT_PROTOTYPES = YES;
				CLANG_WARN_SUSPICIOUS_MOVE = YES;
				CLANG_WARN_UNGUARDED_AVAILABILITY = YES_AGGRESSIVE;
				CLANG_WARN_UNREACHABLE_CODE = YES;
				CLANG_WARN__DUPLICATE_METHOD_MATCH = YES;
				COPY_PHASE_STRIP = NO;
				DEBUG_INFORMATION_FORMAT = "dwarf-with-dsym";
				ENABLE_NS_ASSERTIONS = NO;
				ENABLE_STRICT_OBJC_MSGSEND = YES;
				GCC_C_LANGUAGE_STANDARD = gnu11;
				GCC_NO_COMMON_BLOCKS = YES;
				GCC_WARN_64_TO_32_BIT_CONVERSION = YES;
				GCC_WARN_ABOUT_RETURN_TYPE = YES_ERROR;
				GCC_WARN_UNDECLARED_SELECTOR = YES;
				GCC_WARN_UNINITIALIZED_AUTOS = YES_AGGRESSIVE;
				GCC_WARN_UNUSED_FUNCTION = YES;
				GCC_WARN_UNUSED_VARIABLE = YES;
				IPHONEOS_DEPLOYMENT_TARGET = 16.4;
				MTL_ENABLE_DEBUG_INFO = NO;
				MTL_FAST_MATH = YES;
				SDKROOT = iphoneos;
				SWIFT_COMPILATION_MODE = wholemodule;
				SWIFT_OPTIMIZATION_LEVEL = "-O";
				VALIDATE_PRODUCT = YES;
			};
			name = Release;
		};
		902DF3B92B24697F006B0B66 /* Debug */ = {
			isa = XCBuildConfiguration;
			buildSettings = {
				ASSETCATALOG_COMPILER_APPICON_NAME = AppIcon;
				ASSETCATALOG_COMPILER_GLOBAL_ACCENT_COLOR_NAME = AccentColor;
				CODE_SIGN_STYLE = Automatic;
				CURRENT_PROJECT_VERSION = 1;
				DEVELOPMENT_ASSET_PATHS = "\"ChatPrototype/Preview Content\"";
				ENABLE_PREVIEWS = YES;
				GENERATE_INFOPLIST_FILE = YES;
				INFOPLIST_KEY_UIApplicationSceneManifest_Generation = YES;
				INFOPLIST_KEY_UIApplicationSupportsIndirectInputEvents = YES;
				INFOPLIST_KEY_UILaunchScreen_Generation = YES;
				INFOPLIST_KEY_UISupportedInterfaceOrientations_iPad = "UIInterfaceOrientationPortrait UIInterfaceOrientationPortraitUpsideDown UIInterfaceOrientationLandscapeLeft UIInterfaceOrientationLandscapeRight";
				INFOPLIST_KEY_UISupportedInterfaceOrientations_iPhone = "UIInterfaceOrientationPortrait UIInterfaceOrientationLandscapeLeft UIInterfaceOrientationLandscapeRight";
				LD_RUNPATH_SEARCH_PATHS = (
					"$(inherited)",
					"@executable_path/Frameworks",
				);
				MARKETING_VERSION = 1.0;
				PRODUCT_BUNDLE_IDENTIFIER = name.drdonice.ChatPrototype;
				PRODUCT_NAME = "$(TARGET_NAME)";
				SWIFT_EMIT_LOC_STRINGS = YES;
				SWIFT_VERSION = 5.0;
				TARGETED_DEVICE_FAMILY = "1,2";
			};
			name = Debug;
		};
		902DF3BA2B24697F006B0B66 /* Release */ = {
			isa = XCBuildConfiguration;
			buildSettings = {
				ASSETCATALOG_COMPILER_APPICON_NAME = AppIcon;
				ASSETCATALOG_COMPILER_GLOBAL_ACCENT_COLOR_NAME = AccentColor;
				CODE_SIGN_STYLE = Automatic;
				CURRENT_PROJECT_VERSION = 1;
				DEVELOPMENT_ASSET_PATHS = "\"ChatPrototype/Preview Content\"";
				ENABLE_PREVIEWS = YES;
				GENERATE_INFOPLIST_FILE = YES;
				INFOPLIST_KEY_UIApplicationSceneManifest_Generation = YES;
				INFOPLIST_KEY_UIApplicationSupportsIndirectInputEvents = YES;
				INFOPLIST_KEY_UILaunchScreen_Generation = YES;
				INFOPLIST_KEY_UISupportedInterfaceOrientations_iPad = "UIInterfaceOrientationPortrait UIInterfaceOrientationPortraitUpsideDown UIInterfaceOrientationLandscapeLeft UIInterfaceOrientationLandscapeRight";
				INFOPLIST_KEY_UISupportedInterfaceOrientations_iPhone = "UIInterfaceOrientationPortrait UIInterfaceOrientationLandscapeLeft UIInterfaceOrientationLandscapeRight";
				LD_RUNPATH_SEARCH_PATHS = (
					"$(inherited)",
					"@executable_path/Frameworks",
				);
				MARKETING_VERSION = 1.0;
				PRODUCT_BUNDLE_IDENTIFIER = name.drdonice.ChatPrototype;
				PRODUCT_NAME = "$(TARGET_NAME)";
				SWIFT_EMIT_LOC_STRINGS = YES;
				SWIFT_VERSION = 5.0;
				TARGETED_DEVICE_FAMILY = "1,2";
			};
			name = Release;
		};
		902DF3BC2B24697F006B0B66 /* Debug */ = {
			isa = XCBuildConfiguration;
			buildSettings = {
				ALWAYS_EMBED_SWIFT_STANDARD_LIBRARIES = YES;
				BUNDLE_LOADER = "$(TEST_HOST)";
				CODE_SIGN_STYLE = Automatic;
				CURRENT_PROJECT_VERSION = 1;
				GENERATE_INFOPLIST_FILE = YES;
				IPHONEOS_DEPLOYMENT_TARGET = 16.4;
				MARKETING_VERSION = 1.0;
				PRODUCT_BUNDLE_IDENTIFIER = name.drdonice.ChatPrototypeTests;
				PRODUCT_NAME = "$(TARGET_NAME)";
				SWIFT_EMIT_LOC_STRINGS = NO;
				SWIFT_VERSION = 5.0;
				TARGETED_DEVICE_FAMILY = "1,2";
				TEST_HOST = "$(BUILT_PRODUCTS_DIR)/ChatPrototype.app/$(BUNDLE_EXECUTABLE_FOLDER_PATH)/ChatPrototype";
			};
			name = Debug;
		};
		902DF3BD2B24697F006B0B66 /* Release */ = {
			isa = XCBuildConfiguration;
			buildSettings = {
				ALWAYS_EMBED_SWIFT_STANDARD_LIBRARIES = YES;
				BUNDLE_LOADER = "$(TEST_HOST)";
				CODE_SIGN_STYLE = Automatic;
				CURRENT_PROJECT_VERSION = 1;
				GENERATE_INFOPLIST_FILE = YES;
				IPHONEOS_DEPLOYMENT_TARGET = 16.4;
				MARKETING_VERSION = 1.0;
				PRODUCT_BUNDLE_IDENTIFIER = name.drdonice.ChatPrototypeTests;
				PRODUCT_NAME = "$(TARGET_NAME)";
				SWIFT_EMIT_LOC_STRINGS = NO;
				SWIFT_VERSION = 5.0;
				TARGETED_DEVICE_FAMILY = "1,2";
				TEST_HOST = "$(BUILT_PRODUCTS_DIR)/ChatPrototype.app/$(BUNDLE_EXECUTABLE_FOLDER_PATH)/ChatPrototype";
			};
			name = Release;
		};
		902DF3BF2B24697F006B0B66 /* Debug */ = {
			isa = XCBuildConfiguration;
			buildSettings = {
				ALWAYS_EMBED_SWIFT_STANDARD_LIBRARIES = YES;
				CODE_SIGN_STYLE = Automatic;
				CURRENT_PROJECT_VERSION = 1;
				GENERATE_INFOPLIST_FILE = YES;
				MARKETING_VERSION = 1.0;
				PRODUCT_BUNDLE_IDENTIFIER = name.drdonice.ChatPrototypeUITests;
				PRODUCT_NAME = "$(TARGET_NAME)";
				SWIFT_EMIT_LOC_STRINGS = NO;
				SWIFT_VERSION = 5.0;
				TARGETED_DEVICE_FAMILY = "1,2";
				TEST_TARGET_NAME = ChatPrototype;
			};
			name = Debug;
		};
		902DF3C02B24697F006B0B66 /* Release */ = {
			isa = XCBuildConfiguration;
			buildSettings = {
				ALWAYS_EMBED_SWIFT_STANDARD_LIBRARIES = YES;
				CODE_SIGN_STYLE = Automatic;
				CURRENT_PROJECT_VERSION = 1;
				GENERATE_INFOPLIST_FILE = YES;
				MARKETING_VERSION = 1.0;
				PRODUCT_BUNDLE_IDENTIFIER = name.drdonice.ChatPrototypeUITests;
				PRODUCT_NAME = "$(TARGET_NAME)";
				SWIFT_EMIT_LOC_STRINGS = NO;
				SWIFT_VERSION = 5.0;
				TARGETED_DEVICE_FAMILY = "1,2";
				TEST_TARGET_NAME = ChatPrototype;
			};
			name = Release;
		};
/* End XCBuildConfiguration section */

/* Begin XCConfigurationList section */
		902DF38F2B24697C006B0B66 /* Build configuration list for PBXProject "ChatPrototype" */ = {
			isa = XCConfigurationList;
			buildConfigurations = (
				902DF3B62B24697F006B0B66 /* Debug */,
				902DF3B72B24697F006B0B66 /* Release */,
			);
			defaultConfigurationIsVisible = 0;
			defaultConfigurationName = Release;
		};
		902DF3B82B24697F006B0B66 /* Build configuration list for PBXNativeTarget "ChatPrototype" */ = {
			isa = XCConfigurationList;
			buildConfigurations = (
				902DF3B92B24697F006B0B66 /* Debug */,
				902DF3BA2B24697F006B0B66 /* Release */,
			);
			defaultConfigurationIsVisible = 0;
			defaultConfigurationName = Release;
		};
		902DF3BB2B24697F006B0B66 /* Build configuration list for PBXNativeTarget "ChatPrototypeTests" */ = {
			isa = XCConfigurationList;
			buildConfigurations = (
				902DF3BC2B24697F006B0B66 /* Debug */,
				902DF3BD2B24697F006B0B66 /* Release */,
			);
			defaultConfigurationIsVisible = 0;
			defaultConfigurationName = Release;
		};
		902DF3BE2B24697F006B0B66 /* Build configuration list for PBXNativeTarget "ChatPrototypeUITests" */ = {
			isa = XCConfigurationList;
			buildConfigurations = (
				902DF3BF2B24697F006B0B66 /* Debug */,
				902DF3C02B24697F006B0B66 /* Release */,
			);
			defaultConfigurationIsVisible = 0;
			defaultConfigurationName = Release;
		};
/* End XCConfigurationList section */
	};
	rootObject = 902DF38C2B24697C006B0B66 /* Project object */;
}
